Microsoft Visual Studio Solution File, Format Version 12.00
# Visual Studio Version 16
VisualStudioVersion = 16.0.28606.126
MinimumVisualStudioVersion = 10.0.40219.1
Project("{9A19103F-16F7-4668-BE54-9A1E7A4F7556}") = "EifelMono.Fluent", "src\EifelMono.Fluent\EifelMono.Fluent.csproj", "{4ECD100C-FF7C-4A4B-93B4-1714854B607E}"
EndProject
Project("{9A19103F-16F7-4668-BE54-9A1E7A4F7556}") = "EifelMono.Fluent.Test", "src\EifelMono.Fluent.Test\EifelMono.Fluent.Test.csproj", "{4053E873-636E-46F7-B15D-BEDBEAD2744B}"
EndProject
Project("{2150E333-8FDC-42A3-9474-1A3956D46DE8}") = "Solution Items", "Solution Items", "{BBF8F8DE-11A7-4383-95E0-5E13290A2C1A}"
	ProjectSection(SolutionItems) = preProject
		.editorconfig = .editorconfig
		.gitignore = .gitignore
		build.cake = build.cake
		global.json = global.json
		LICENSE = LICENSE
		README.md = README.md
	EndProjectSection
EndProject
Project("{FAE04EC0-301F-11D3-BF4B-00C04F79EFBC}") = "EifelMono.Fluent.ConsoleTestApp", "src\EifelMono.Fluent.ConsoleTestApp\EifelMono.Fluent.ConsoleTestApp.csproj", "{022C8E40-3FA3-4310-9F3C-91337C0C451E}"
EndProject
Global
	GlobalSection(SolutionConfigurationPlatforms) = preSolution
		Debug|Any CPU = Debug|Any CPU
		Release|Any CPU = Release|Any CPU
	EndGlobalSection
	GlobalSection(ProjectConfigurationPlatforms) = postSolution
		{4ECD100C-FF7C-4A4B-93B4-1714854B607E}.Debug|Any CPU.ActiveCfg = Debug|Any CPU
		{4ECD100C-FF7C-4A4B-93B4-1714854B607E}.Debug|Any CPU.Build.0 = Debug|Any CPU
		{4ECD100C-FF7C-4A4B-93B4-1714854B607E}.Release|Any CPU.ActiveCfg = Release|Any CPU
		{4ECD100C-FF7C-4A4B-93B4-1714854B607E}.Release|Any CPU.Build.0 = Release|Any CPU
		{4053E873-636E-46F7-B15D-BEDBEAD2744B}.Debug|Any CPU.ActiveCfg = Debug|Any CPU
		{4053E873-636E-46F7-B15D-BEDBEAD2744B}.Debug|Any CPU.Build.0 = Debug|Any CPU
		{4053E873-636E-46F7-B15D-BEDBEAD2744B}.Release|Any CPU.ActiveCfg = Release|Any CPU
		{4053E873-636E-46F7-B15D-BEDBEAD2744B}.Release|Any CPU.Build.0 = Release|Any CPU
		{022C8E40-3FA3-4310-9F3C-91337C0C451E}.Debug|Any CPU.ActiveCfg = Debug|Any CPU
		{022C8E40-3FA3-4310-9F3C-91337C0C451E}.Debug|Any CPU.Build.0 = Debug|Any CPU
		{022C8E40-3FA3-4310-9F3C-91337C0C451E}.Release|Any CPU.ActiveCfg = Release|Any CPU
		{022C8E40-3FA3-4310-9F3C-91337C0C451E}.Release|Any CPU.Build.0 = Release|Any CPU
	EndGlobalSection
	GlobalSection(SolutionProperties) = preSolution
		HideSolutionNode = FALSE
	EndGlobalSection
	GlobalSection(ExtensibilityGlobals) = postSolution
		SolutionGuid = {34228D5C-4B81-4791-AF1C-02C0438DA475}
	EndGlobalSection
EndGlobal
